
Microsoft Visual Studio Solution File, Format Version 12.00
# Visual Studio Version 17
VisualStudioVersion = 17.5.002.0
MinimumVisualStudioVersion = 10.0.40219.1
Project("{9A19103F-16F7-4668-BE54-9A1E7A4F7556}") = "projetobaltacalc", "projetobaltacalc.csproj", "{13AF1B60-03FD-4257-B492-33527918867C}"
EndProject
Global
	GlobalSection(SolutionConfigurationPlatforms) = preSolution
		Debug|Any CPU = Debug|Any CPU
		Release|Any CPU = Release|Any CPU
	EndGlobalSection
	GlobalSection(ProjectConfigurationPlatforms) = postSolution
		{13AF1B60-03FD-4257-B492-33527918867C}.Debug|Any CPU.ActiveCfg = Debug|Any CPU
		{13AF1B60-03FD-4257-B492-33527918867C}.Debug|Any CPU.Build.0 = Debug|Any CPU
		{13AF1B60-03FD-4257-B492-33527918867C}.Release|Any CPU.ActiveCfg = Release|Any CPU
		{13AF1B60-03FD-4257-B492-33527918867C}.Release|Any CPU.Build.0 = Release|Any CPU
	EndGlobalSection
	GlobalSection(SolutionProperties) = preSolution
		HideSolutionNode = FALSE
	EndGlobalSection
	GlobalSection(ExtensibilityGlobals) = postSolution
		SolutionGuid = {DECE47A8-3B4B-403C-A5C0-6C24FBA369F7}
	EndGlobalSection
EndGlobal
